
Microsoft Visual Studio Solution File, Format Version 12.00
# Visual Studio Version 17
VisualStudioVersion = 17.6.33723.286
MinimumVisualStudioVersion = 10.0.40219.1
Project("{9A19103F-16F7-4668-BE54-9A1E7A4F7556}") = "FirstProject", "FirstProject\FirstProject.csproj", "{5274310F-F922-4B0C-BEEB-F4E0CD4C2338}"
EndProject
Project("{9A19103F-16F7-4668-BE54-9A1E7A4F7556}") = "Variables", "Variables\Variables.csproj", "{441A68D0-0CA1-4354-9111-97A5A78D3624}"
EndProject
Project("{9A19103F-16F7-4668-BE54-9A1E7A4F7556}") = "ClassObjectinstance", "ClassObjectinstance\ClassObjectinstance.csproj", "{A5F51B66-6711-4D3D-B643-9A967C71AD7A}"
EndProject
Project("{9A19103F-16F7-4668-BE54-9A1E7A4F7556}") = "ClassObjectinstance+", "ClassObjectinstance+\ClassObjectinstance+.csproj", "{ECEA01AE-446F-408B-A132-B97E56B95F4C}"
EndProject
Project("{9A19103F-16F7-4668-BE54-9A1E7A4F7556}") = "Method", "Method\Method.csproj", "{1F21A886-DE15-4C6F-A767-9CEFFDC17602}"
EndProject
Project("{9A19103F-16F7-4668-BE54-9A1E7A4F7556}") = "Structure", "Structure\Structure.csproj", "{5E982628-0E61-479A-9013-1E14A4446CB6}"
EndProject
Project("{9A19103F-16F7-4668-BE54-9A1E7A4F7556}") = "Operators", "Operators\Operators.csproj", "{3AA3496D-E372-47C5-B29B-94EB628ADC65}"
EndProject
Project("{FAE04EC0-301F-11D3-BF4B-00C04F79EFBC}") = "Statement_If", "Statement_If\Statement_If.csproj", "{E879057C-1850-4F08-AFE6-57D3EAA8A2A1}"
EndProject
Project("{FAE04EC0-301F-11D3-BF4B-00C04F79EFBC}") = "Statement_SwitchCase", "Statement_SwitchCase\Statement_SwitchCase.csproj", "{35CD3682-F298-4167-88D5-D64DD4ADCE23}"
EndProject
Global
	GlobalSection(SolutionConfigurationPlatforms) = preSolution
		Debug|Any CPU = Debug|Any CPU
		Release|Any CPU = Release|Any CPU
	EndGlobalSection
	GlobalSection(ProjectConfigurationPlatforms) = postSolution
		{5274310F-F922-4B0C-BEEB-F4E0CD4C2338}.Debug|Any CPU.ActiveCfg = Debug|Any CPU
		{5274310F-F922-4B0C-BEEB-F4E0CD4C2338}.Debug|Any CPU.Build.0 = Debug|Any CPU
		{5274310F-F922-4B0C-BEEB-F4E0CD4C2338}.Release|Any CPU.ActiveCfg = Release|Any CPU
		{5274310F-F922-4B0C-BEEB-F4E0CD4C2338}.Release|Any CPU.Build.0 = Release|Any CPU
		{441A68D0-0CA1-4354-9111-97A5A78D3624}.Debug|Any CPU.ActiveCfg = Debug|Any CPU
		{441A68D0-0CA1-4354-9111-97A5A78D3624}.Debug|Any CPU.Build.0 = Debug|Any CPU
		{441A68D0-0CA1-4354-9111-97A5A78D3624}.Release|Any CPU.ActiveCfg = Release|Any CPU
		{441A68D0-0CA1-4354-9111-97A5A78D3624}.Release|Any CPU.Build.0 = Release|Any CPU
		{A5F51B66-6711-4D3D-B643-9A967C71AD7A}.Debug|Any CPU.ActiveCfg = Debug|Any CPU
		{A5F51B66-6711-4D3D-B643-9A967C71AD7A}.Debug|Any CPU.Build.0 = Debug|Any CPU
		{A5F51B66-6711-4D3D-B643-9A967C71AD7A}.Release|Any CPU.ActiveCfg = Release|Any CPU
		{A5F51B66-6711-4D3D-B643-9A967C71AD7A}.Release|Any CPU.Build.0 = Release|Any CPU
		{ECEA01AE-446F-408B-A132-B97E56B95F4C}.Debug|Any CPU.ActiveCfg = Debug|Any CPU
		{ECEA01AE-446F-408B-A132-B97E56B95F4C}.Debug|Any CPU.Build.0 = Debug|Any CPU
		{ECEA01AE-446F-408B-A132-B97E56B95F4C}.Release|Any CPU.ActiveCfg = Release|Any CPU
		{ECEA01AE-446F-408B-A132-B97E56B95F4C}.Release|Any CPU.Build.0 = Release|Any CPU
		{1F21A886-DE15-4C6F-A767-9CEFFDC17602}.Debug|Any CPU.ActiveCfg = Debug|Any CPU
		{1F21A886-DE15-4C6F-A767-9CEFFDC17602}.Debug|Any CPU.Build.0 = Debug|Any CPU
		{1F21A886-DE15-4C6F-A767-9CEFFDC17602}.Release|Any CPU.ActiveCfg = Release|Any CPU
		{1F21A886-DE15-4C6F-A767-9CEFFDC17602}.Release|Any CPU.Build.0 = Release|Any CPU
		{5E982628-0E61-479A-9013-1E14A4446CB6}.Debug|Any CPU.ActiveCfg = Debug|Any CPU
		{5E982628-0E61-479A-9013-1E14A4446CB6}.Debug|Any CPU.Build.0 = Debug|Any CPU
		{5E982628-0E61-479A-9013-1E14A4446CB6}.Release|Any CPU.ActiveCfg = Release|Any CPU
		{5E982628-0E61-479A-9013-1E14A4446CB6}.Release|Any CPU.Build.0 = Release|Any CPU
		{3AA3496D-E372-47C5-B29B-94EB628ADC65}.Debug|Any CPU.ActiveCfg = Debug|Any CPU
		{3AA3496D-E372-47C5-B29B-94EB628ADC65}.Debug|Any CPU.Build.0 = Debug|Any CPU
		{3AA3496D-E372-47C5-B29B-94EB628ADC65}.Release|Any CPU.ActiveCfg = Release|Any CPU
		{3AA3496D-E372-47C5-B29B-94EB628ADC65}.Release|Any CPU.Build.0 = Release|Any CPU
		{E879057C-1850-4F08-AFE6-57D3EAA8A2A1}.Debug|Any CPU.ActiveCfg = Debug|Any CPU
		{E879057C-1850-4F08-AFE6-57D3EAA8A2A1}.Debug|Any CPU.Build.0 = Debug|Any CPU
		{E879057C-1850-4F08-AFE6-57D3EAA8A2A1}.Release|Any CPU.ActiveCfg = Release|Any CPU
		{E879057C-1850-4F08-AFE6-57D3EAA8A2A1}.Release|Any CPU.Build.0 = Release|Any CPU
		{35CD3682-F298-4167-88D5-D64DD4ADCE23}.Debug|Any CPU.ActiveCfg = Debug|Any CPU
		{35CD3682-F298-4167-88D5-D64DD4ADCE23}.Debug|Any CPU.Build.0 = Debug|Any CPU
		{35CD3682-F298-4167-88D5-D64DD4ADCE23}.Release|Any CPU.ActiveCfg = Release|Any CPU
		{35CD3682-F298-4167-88D5-D64DD4ADCE23}.Release|Any CPU.Build.0 = Release|Any CPU
	EndGlobalSection
	GlobalSection(SolutionProperties) = preSolution
		HideSolutionNode = FALSE
	EndGlobalSection
	GlobalSection(ExtensibilityGlobals) = postSolution
		SolutionGuid = {D2CFDF1A-F93B-44EC-8A6C-5E6D8D0510BD}
	EndGlobalSection
EndGlobal
