
Microsoft Visual Studio Solution File, Format Version 12.00
# Visual Studio Version 17
VisualStudioVersion = 17.6.33723.286
MinimumVisualStudioVersion = 10.0.40219.1
Project("{FAE04EC0-301F-11D3-BF4B-00C04F79EFBC}") = "ConsoleApp1", "ConsoleApp1\ConsoleApp1.csproj", "{3C6B771C-6750-4D68-8778-21E3335AFB4C}"
EndProject
Global
	GlobalSection(SolutionConfigurationPlatforms) = preSolution
		Debug|Any CPU = Debug|Any CPU
		Release|Any CPU = Release|Any CPU
	EndGlobalSection
	GlobalSection(ProjectConfigurationPlatforms) = postSolution
		{3C6B771C-6750-4D68-8778-21E3335AFB4C}.Debug|Any CPU.ActiveCfg = Debug|Any CPU
		{3C6B771C-6750-4D68-8778-21E3335AFB4C}.Debug|Any CPU.Build.0 = Debug|Any CPU
		{3C6B771C-6750-4D68-8778-21E3335AFB4C}.Release|Any CPU.ActiveCfg = Release|Any CPU
		{3C6B771C-6750-4D68-8778-21E3335AFB4C}.Release|Any CPU.Build.0 = Release|Any CPU
	EndGlobalSection
	GlobalSection(SolutionProperties) = preSolution
		HideSolutionNode = FALSE
	EndGlobalSection
	GlobalSection(ExtensibilityGlobals) = postSolution
		SolutionGuid = {ABF683EA-C939-49AC-86F5-116ACD516A1B}
	EndGlobalSection
EndGlobal
